
Microsoft Visual Studio Solution File, Format Version 12.00
# Visual Studio 15
VisualStudioVersion = 15.0.27703.2035
MinimumVisualStudioVersion = 10.0.40219.1
Project("{FAE04EC0-301F-11D3-BF4B-00C04F79EFBC}") = "Ejercicio01.Android", "Ejercicio01\Ejercicio01.Android\Ejercicio01.Android.csproj", "{C42FB741-4B4A-4E09-960D-F0EE571138E2}"
EndProject
Project("{FAE04EC0-301F-11D3-BF4B-00C04F79EFBC}") = "Ejercicio01.iOS", "Ejercicio01\Ejercicio01.iOS\Ejercicio01.iOS.csproj", "{7E89D41C-E153-4A82-B8EB-23C988073697}"
EndProject
Project("{9A19103F-16F7-4668-BE54-9A1E7A4F7556}") = "Ejercicio01", "Ejercicio01\Ejercicio01\Ejercicio01.csproj", "{1A5FFD0F-4F89-40FF-B989-B1EC99067277}"
EndProject
Global
	GlobalSection(SolutionConfigurationPlatforms) = preSolution
		Ad-Hoc|Any CPU = Ad-Hoc|Any CPU
		Ad-Hoc|iPhone = Ad-Hoc|iPhone
		Ad-Hoc|iPhoneSimulator = Ad-Hoc|iPhoneSimulator
		AppStore|Any CPU = AppStore|Any CPU
		AppStore|iPhone = AppStore|iPhone
		AppStore|iPhoneSimulator = AppStore|iPhoneSimulator
		Debug|Any CPU = Debug|Any CPU
		Debug|iPhone = Debug|iPhone
		Debug|iPhoneSimulator = Debug|iPhoneSimulator
		Release|Any CPU = Release|Any CPU
		Release|iPhone = Release|iPhone
		Release|iPhoneSimulator = Release|iPhoneSimulator
	EndGlobalSection
	GlobalSection(ProjectConfigurationPlatforms) = postSolution
		{C42FB741-4B4A-4E09-960D-F0EE571138E2}.Ad-Hoc|Any CPU.ActiveCfg = Release|Any CPU
		{C42FB741-4B4A-4E09-960D-F0EE571138E2}.Ad-Hoc|Any CPU.Build.0 = Release|Any CPU
		{C42FB741-4B4A-4E09-960D-F0EE571138E2}.Ad-Hoc|Any CPU.Deploy.0 = Release|Any CPU
		{C42FB741-4B4A-4E09-960D-F0EE571138E2}.Ad-Hoc|iPhone.ActiveCfg = Release|Any CPU
		{C42FB741-4B4A-4E09-960D-F0EE571138E2}.Ad-Hoc|iPhone.Build.0 = Release|Any CPU
		{C42FB741-4B4A-4E09-960D-F0EE571138E2}.Ad-Hoc|iPhone.Deploy.0 = Release|Any CPU
		{C42FB741-4B4A-4E09-960D-F0EE571138E2}.Ad-Hoc|iPhoneSimulator.ActiveCfg = Release|Any CPU
		{C42FB741-4B4A-4E09-960D-F0EE571138E2}.Ad-Hoc|iPhoneSimulator.Build.0 = Release|Any CPU
		{C42FB741-4B4A-4E09-960D-F0EE571138E2}.Ad-Hoc|iPhoneSimulator.Deploy.0 = Release|Any CPU
		{C42FB741-4B4A-4E09-960D-F0EE571138E2}.AppStore|Any CPU.ActiveCfg = Release|Any CPU
		{C42FB741-4B4A-4E09-960D-F0EE571138E2}.AppStore|Any CPU.Build.0 = Release|Any CPU
		{C42FB741-4B4A-4E09-960D-F0EE571138E2}.AppStore|Any CPU.Deploy.0 = Release|Any CPU
		{C42FB741-4B4A-4E09-960D-F0EE571138E2}.AppStore|iPhone.ActiveCfg = Release|Any CPU
		{C42FB741-4B4A-4E09-960D-F0EE571138E2}.AppStore|iPhone.Build.0 = Release|Any CPU
		{C42FB741-4B4A-4E09-960D-F0EE571138E2}.AppStore|iPhone.Deploy.0 = Release|Any CPU
		{C42FB741-4B4A-4E09-960D-F0EE571138E2}.AppStore|iPhoneSimulator.ActiveCfg = Release|Any CPU
		{C42FB741-4B4A-4E09-960D-F0EE571138E2}.AppStore|iPhoneSimulator.Build.0 = Release|Any CPU
		{C42FB741-4B4A-4E09-960D-F0EE571138E2}.AppStore|iPhoneSimulator.Deploy.0 = Release|Any CPU
		{C42FB741-4B4A-4E09-960D-F0EE571138E2}.Debug|Any CPU.ActiveCfg = Debug|Any CPU
		{C42FB741-4B4A-4E09-960D-F0EE571138E2}.Debug|Any CPU.Build.0 = Debug|Any CPU
		{C42FB741-4B4A-4E09-960D-F0EE571138E2}.Debug|Any CPU.Deploy.0 = Debug|Any CPU
		{C42FB741-4B4A-4E09-960D-F0EE571138E2}.Debug|iPhone.ActiveCfg = Debug|Any CPU
		{C42FB741-4B4A-4E09-960D-F0EE571138E2}.Debug|iPhone.Build.0 = Debug|Any CPU
		{C42FB741-4B4A-4E09-960D-F0EE571138E2}.Debug|iPhone.Deploy.0 = Debug|Any CPU
		{C42FB741-4B4A-4E09-960D-F0EE571138E2}.Debug|iPhoneSimulator.ActiveCfg = Debug|Any CPU
		{C42FB741-4B4A-4E09-960D-F0EE571138E2}.Debug|iPhoneSimulator.Build.0 = Debug|Any CPU
		{C42FB741-4B4A-4E09-960D-F0EE571138E2}.Debug|iPhoneSimulator.Deploy.0 = Debug|Any CPU
		{C42FB741-4B4A-4E09-960D-F0EE571138E2}.Release|Any CPU.ActiveCfg = Release|Any CPU
		{C42FB741-4B4A-4E09-960D-F0EE571138E2}.Release|Any CPU.Build.0 = Release|Any CPU
		{C42FB741-4B4A-4E09-960D-F0EE571138E2}.Release|Any CPU.Deploy.0 = Release|Any CPU
		{C42FB741-4B4A-4E09-960D-F0EE571138E2}.Release|iPhone.ActiveCfg = Release|Any CPU
		{C42FB741-4B4A-4E09-960D-F0EE571138E2}.Release|iPhone.Build.0 = Release|Any CPU
		{C42FB741-4B4A-4E09-960D-F0EE571138E2}.Release|iPhone.Deploy.0 = Release|Any CPU
		{C42FB741-4B4A-4E09-960D-F0EE571138E2}.Release|iPhoneSimulator.ActiveCfg = Release|Any CPU
		{C42FB741-4B4A-4E09-960D-F0EE571138E2}.Release|iPhoneSimulator.Build.0 = Release|Any CPU
		{C42FB741-4B4A-4E09-960D-F0EE571138E2}.Release|iPhoneSimulator.Deploy.0 = Release|Any CPU
		{7E89D41C-E153-4A82-B8EB-23C988073697}.Ad-Hoc|Any CPU.ActiveCfg = Ad-Hoc|iPhone
		{7E89D41C-E153-4A82-B8EB-23C988073697}.Ad-Hoc|Any CPU.Build.0 = Ad-Hoc|iPhone
		{7E89D41C-E153-4A82-B8EB-23C988073697}.Ad-Hoc|Any CPU.Deploy.0 = Ad-Hoc|iPhone
		{7E89D41C-E153-4A82-B8EB-23C988073697}.Ad-Hoc|iPhone.ActiveCfg = Ad-Hoc|iPhone
		{7E89D41C-E153-4A82-B8EB-23C988073697}.Ad-Hoc|iPhone.Build.0 = Ad-Hoc|iPhone
		{7E89D41C-E153-4A82-B8EB-23C988073697}.Ad-Hoc|iPhone.Deploy.0 = Ad-Hoc|iPhone
		{7E89D41C-E153-4A82-B8EB-23C988073697}.Ad-Hoc|iPhoneSimulator.ActiveCfg = Ad-Hoc|iPhoneSimulator
		{7E89D41C-E153-4A82-B8EB-23C988073697}.Ad-Hoc|iPhoneSimulator.Build.0 = Ad-Hoc|iPhoneSimulator
		{7E89D41C-E153-4A82-B8EB-23C988073697}.Ad-Hoc|iPhoneSimulator.Deploy.0 = Ad-Hoc|iPhoneSimulator
		{7E89D41C-E153-4A82-B8EB-23C988073697}.AppStore|Any CPU.ActiveCfg = AppStore|iPhone
		{7E89D41C-E153-4A82-B8EB-23C988073697}.AppStore|Any CPU.Build.0 = AppStore|iPhone
		{7E89D41C-E153-4A82-B8EB-23C988073697}.AppStore|Any CPU.Deploy.0 = AppStore|iPhone
		{7E89D41C-E153-4A82-B8EB-23C988073697}.AppStore|iPhone.ActiveCfg = AppStore|iPhone
		{7E89D41C-E153-4A82-B8EB-23C988073697}.AppStore|iPhone.Build.0 = AppStore|iPhone
		{7E89D41C-E153-4A82-B8EB-23C988073697}.AppStore|iPhone.Deploy.0 = AppStore|iPhone
		{7E89D41C-E153-4A82-B8EB-23C988073697}.AppStore|iPhoneSimulator.ActiveCfg = AppStore|iPhoneSimulator
		{7E89D41C-E153-4A82-B8EB-23C988073697}.AppStore|iPhoneSimulator.Build.0 = AppStore|iPhoneSimulator
		{7E89D41C-E153-4A82-B8EB-23C988073697}.AppStore|iPhoneSimulator.Deploy.0 = AppStore|iPhoneSimulator
		{7E89D41C-E153-4A82-B8EB-23C988073697}.Debug|Any CPU.ActiveCfg = Debug|iPhoneSimulator
		{7E89D41C-E153-4A82-B8EB-23C988073697}.Debug|Any CPU.Build.0 = Debug|iPhoneSimulator
		{7E89D41C-E153-4A82-B8EB-23C988073697}.Debug|Any CPU.Deploy.0 = Debug|iPhoneSimulator
		{7E89D41C-E153-4A82-B8EB-23C988073697}.Debug|iPhone.ActiveCfg = Debug|iPhone
		{7E89D41C-E153-4A82-B8EB-23C988073697}.Debug|iPhone.Build.0 = Debug|iPhone
		{7E89D41C-E153-4A82-B8EB-23C988073697}.Debug|iPhone.Deploy.0 = Debug|iPhone
		{7E89D41C-E153-4A82-B8EB-23C988073697}.Debug|iPhoneSimulator.ActiveCfg = Debug|iPhoneSimulator
		{7E89D41C-E153-4A82-B8EB-23C988073697}.Debug|iPhoneSimulator.Build.0 = Debug|iPhoneSimulator
		{7E89D41C-E153-4A82-B8EB-23C988073697}.Debug|iPhoneSimulator.Deploy.0 = Debug|iPhoneSimulator
		{7E89D41C-E153-4A82-B8EB-23C988073697}.Release|Any CPU.ActiveCfg = Release|iPhone
		{7E89D41C-E153-4A82-B8EB-23C988073697}.Release|Any CPU.Build.0 = Release|iPhone
		{7E89D41C-E153-4A82-B8EB-23C988073697}.Release|Any CPU.Deploy.0 = Release|iPhone
		{7E89D41C-E153-4A82-B8EB-23C988073697}.Release|iPhone.ActiveCfg = Release|iPhone
		{7E89D41C-E153-4A82-B8EB-23C988073697}.Release|iPhone.Build.0 = Release|iPhone
		{7E89D41C-E153-4A82-B8EB-23C988073697}.Release|iPhone.Deploy.0 = Release|iPhone
		{7E89D41C-E153-4A82-B8EB-23C988073697}.Release|iPhoneSimulator.ActiveCfg = Release|iPhoneSimulator
		{7E89D41C-E153-4A82-B8EB-23C988073697}.Release|iPhoneSimulator.Build.0 = Release|iPhoneSimulator
		{7E89D41C-E153-4A82-B8EB-23C988073697}.Release|iPhoneSimulator.Deploy.0 = Release|iPhoneSimulator
		{1A5FFD0F-4F89-40FF-B989-B1EC99067277}.Ad-Hoc|Any CPU.ActiveCfg = Debug|Any CPU
		{1A5FFD0F-4F89-40FF-B989-B1EC99067277}.Ad-Hoc|Any CPU.Build.0 = Debug|Any CPU
		{1A5FFD0F-4F89-40FF-B989-B1EC99067277}.Ad-Hoc|Any CPU.Deploy.0 = Debug|Any CPU
		{1A5FFD0F-4F89-40FF-B989-B1EC99067277}.Ad-Hoc|iPhone.ActiveCfg = Debug|Any CPU
		{1A5FFD0F-4F89-40FF-B989-B1EC99067277}.Ad-Hoc|iPhone.Build.0 = Debug|Any CPU
		{1A5FFD0F-4F89-40FF-B989-B1EC99067277}.Ad-Hoc|iPhone.Deploy.0 = Debug|Any CPU
		{1A5FFD0F-4F89-40FF-B989-B1EC99067277}.Ad-Hoc|iPhoneSimulator.ActiveCfg = Debug|Any CPU
		{1A5FFD0F-4F89-40FF-B989-B1EC99067277}.Ad-Hoc|iPhoneSimulator.Build.0 = Debug|Any CPU
		{1A5FFD0F-4F89-40FF-B989-B1EC99067277}.Ad-Hoc|iPhoneSimulator.Deploy.0 = Debug|Any CPU
		{1A5FFD0F-4F89-40FF-B989-B1EC99067277}.AppStore|Any CPU.ActiveCfg = Debug|Any CPU
		{1A5FFD0F-4F89-40FF-B989-B1EC99067277}.AppStore|Any CPU.Build.0 = Debug|Any CPU
		{1A5FFD0F-4F89-40FF-B989-B1EC99067277}.AppStore|Any CPU.Deploy.0 = Debug|Any CPU
		{1A5FFD0F-4F89-40FF-B989-B1EC99067277}.AppStore|iPhone.ActiveCfg = Debug|Any CPU
		{1A5FFD0F-4F89-40FF-B989-B1EC99067277}.AppStore|iPhone.Build.0 = Debug|Any CPU
		{1A5FFD0F-4F89-40FF-B989-B1EC99067277}.AppStore|iPhone.Deploy.0 = Debug|Any CPU
		{1A5FFD0F-4F89-40FF-B989-B1EC99067277}.AppStore|iPhoneSimulator.ActiveCfg = Debug|Any CPU
		{1A5FFD0F-4F89-40FF-B989-B1EC99067277}.AppStore|iPhoneSimulator.Build.0 = Debug|Any CPU
		{1A5FFD0F-4F89-40FF-B989-B1EC99067277}.AppStore|iPhoneSimulator.Deploy.0 = Debug|Any CPU
		{1A5FFD0F-4F89-40FF-B989-B1EC99067277}.Debug|Any CPU.ActiveCfg = Debug|Any CPU
		{1A5FFD0F-4F89-40FF-B989-B1EC99067277}.Debug|Any CPU.Build.0 = Debug|Any CPU
		{1A5FFD0F-4F89-40FF-B989-B1EC99067277}.Debug|Any CPU.Deploy.0 = Debug|Any CPU
		{1A5FFD0F-4F89-40FF-B989-B1EC99067277}.Debug|iPhone.ActiveCfg = Debug|Any CPU
		{1A5FFD0F-4F89-40FF-B989-B1EC99067277}.Debug|iPhone.Build.0 = Debug|Any CPU
		{1A5FFD0F-4F89-40FF-B989-B1EC99067277}.Debug|iPhone.Deploy.0 = Debug|Any CPU
		{1A5FFD0F-4F89-40FF-B989-B1EC99067277}.Debug|iPhoneSimulator.ActiveCfg = Debug|Any CPU
		{1A5FFD0F-4F89-40FF-B989-B1EC99067277}.Debug|iPhoneSimulator.Build.0 = Debug|Any CPU
		{1A5FFD0F-4F89-40FF-B989-B1EC99067277}.Debug|iPhoneSimulator.Deploy.0 = Debug|Any CPU
		{1A5FFD0F-4F89-40FF-B989-B1EC99067277}.Release|Any CPU.ActiveCfg = Release|Any CPU
		{1A5FFD0F-4F89-40FF-B989-B1EC99067277}.Release|Any CPU.Build.0 = Release|Any CPU
		{1A5FFD0F-4F89-40FF-B989-B1EC99067277}.Release|Any CPU.Deploy.0 = Release|Any CPU
		{1A5FFD0F-4F89-40FF-B989-B1EC99067277}.Release|iPhone.ActiveCfg = Release|Any CPU
		{1A5FFD0F-4F89-40FF-B989-B1EC99067277}.Release|iPhone.Build.0 = Release|Any CPU
		{1A5FFD0F-4F89-40FF-B989-B1EC99067277}.Release|iPhone.Deploy.0 = Release|Any CPU
		{1A5FFD0F-4F89-40FF-B989-B1EC99067277}.Release|iPhoneSimulator.ActiveCfg = Release|Any CPU
		{1A5FFD0F-4F89-40FF-B989-B1EC99067277}.Release|iPhoneSimulator.Build.0 = Release|Any CPU
		{1A5FFD0F-4F89-40FF-B989-B1EC99067277}.Release|iPhoneSimulator.Deploy.0 = Release|Any CPU
	EndGlobalSection
	GlobalSection(SolutionProperties) = preSolution
		HideSolutionNode = FALSE
	EndGlobalSection
	GlobalSection(ExtensibilityGlobals) = postSolution
		SolutionGuid = {F428427F-F647-4082-8169-742425374541}
	EndGlobalSection
EndGlobal
